
Microsoft Visual Studio Solution File, Format Version 12.00
# Visual Studio Version 17
VisualStudioVersion = 17.4.33205.214
MinimumVisualStudioVersion = 10.0.40219.1
Project("{9A19103F-16F7-4668-BE54-9A1E7A4F7556}") = "Spline37Lib", "Spline37Lib\Spline37Lib.csproj", "{BCA65FC2-0E6A-4C9F-B462-54AC2511B06C}"
EndProject
Project("{FAE04EC0-301F-11D3-BF4B-00C04F79EFBC}") = "Spline37", "Spline37\Spline37.csproj", "{DC3726B9-529B-41A3-8F55-B2E229A98E09}"
EndProject
Global
	GlobalSection(SolutionConfigurationPlatforms) = preSolution
		Debug|Any CPU = Debug|Any CPU
		Release|Any CPU = Release|Any CPU
	EndGlobalSection
	GlobalSection(ProjectConfigurationPlatforms) = postSolution
		{BCA65FC2-0E6A-4C9F-B462-54AC2511B06C}.Debug|Any CPU.ActiveCfg = Debug|Any CPU
		{BCA65FC2-0E6A-4C9F-B462-54AC2511B06C}.Debug|Any CPU.Build.0 = Debug|Any CPU
		{BCA65FC2-0E6A-4C9F-B462-54AC2511B06C}.Release|Any CPU.ActiveCfg = Release|Any CPU
		{BCA65FC2-0E6A-4C9F-B462-54AC2511B06C}.Release|Any CPU.Build.0 = Release|Any CPU
		{DC3726B9-529B-41A3-8F55-B2E229A98E09}.Debug|Any CPU.ActiveCfg = Debug|Any CPU
		{DC3726B9-529B-41A3-8F55-B2E229A98E09}.Debug|Any CPU.Build.0 = Debug|Any CPU
		{DC3726B9-529B-41A3-8F55-B2E229A98E09}.Release|Any CPU.ActiveCfg = Release|Any CPU
		{DC3726B9-529B-41A3-8F55-B2E229A98E09}.Release|Any CPU.Build.0 = Release|Any CPU
	EndGlobalSection
	GlobalSection(SolutionProperties) = preSolution
		HideSolutionNode = FALSE
	EndGlobalSection
	GlobalSection(ExtensibilityGlobals) = postSolution
		SolutionGuid = {A871248A-9398-44B9-AE0A-8B99E2021E1A}
	EndGlobalSection
EndGlobal
